
Microsoft Visual Studio Solution File, Format Version 12.00
# Visual Studio Version 17
VisualStudioVersion = 17.4.33213.308
MinimumVisualStudioVersion = 10.0.40219.1
Project("{9A19103F-16F7-4668-BE54-9A1E7A4F7556}") = "Canducci.Pagination", "Canducci.Pagination\Canducci.Pagination.csproj", "{177C6386-A7DF-4390-81D6-30BA01E1FC7E}"
EndProject
Project("{9A19103F-16F7-4668-BE54-9A1E7A4F7556}") = "Canducci.Console.Test", "Canducci.Console.Test\Canducci.Console.Test.csproj", "{C5B247A7-4D1A-4706-A7D1-2CD814A5250A}"
EndProject
Project("{2150E333-8FDC-42A3-9474-1A3956D46DE8}") = "Solution Items", "Solution Items", "{B3773826-838B-4854-89F0-73E41F3941EB}"
	ProjectSection(SolutionItems) = preProject
		.travis.yml = .travis.yml
		..\..\..\Downloads\paginated.png = ..\..\..\Downloads\paginated.png
		README.md = README.md
	EndProjectSection
EndProject
Project("{9A19103F-16F7-4668-BE54-9A1E7A4F7556}") = "Canducci.Pagination.Mvc", "Canducci.Pagination.Mvc\Canducci.Pagination.Mvc.csproj", "{43DF26DE-63DC-4394-A949-1A33C0126756}"
EndProject
Project("{9A19103F-16F7-4668-BE54-9A1E7A4F7556}") = "WebMvc", "WebMvc\WebMvc.csproj", "{48F01873-DEEE-46E0-A085-1D00F21580C0}"
EndProject
Project("{9A19103F-16F7-4668-BE54-9A1E7A4F7556}") = "WebRazor", "WebRazor\WebRazor.csproj", "{2CFBDD39-C6BA-4CAC-BE27-B2CD07FA98D8}"
EndProject
Project("{9A19103F-16F7-4668-BE54-9A1E7A4F7556}") = "UnitTest", "UnitTest\UnitTest.csproj", "{BE183F90-BC49-4F23-AA7C-5887E6AADAA3}"
EndProject
Global
	GlobalSection(SolutionConfigurationPlatforms) = preSolution
		Debug|Any CPU = Debug|Any CPU
		Release|Any CPU = Release|Any CPU
	EndGlobalSection
	GlobalSection(ProjectConfigurationPlatforms) = postSolution
		{177C6386-A7DF-4390-81D6-30BA01E1FC7E}.Debug|Any CPU.ActiveCfg = Debug|Any CPU
		{177C6386-A7DF-4390-81D6-30BA01E1FC7E}.Debug|Any CPU.Build.0 = Debug|Any CPU
		{177C6386-A7DF-4390-81D6-30BA01E1FC7E}.Release|Any CPU.ActiveCfg = Release|Any CPU
		{177C6386-A7DF-4390-81D6-30BA01E1FC7E}.Release|Any CPU.Build.0 = Release|Any CPU
		{C5B247A7-4D1A-4706-A7D1-2CD814A5250A}.Debug|Any CPU.ActiveCfg = Debug|Any CPU
		{C5B247A7-4D1A-4706-A7D1-2CD814A5250A}.Debug|Any CPU.Build.0 = Debug|Any CPU
		{C5B247A7-4D1A-4706-A7D1-2CD814A5250A}.Release|Any CPU.ActiveCfg = Release|Any CPU
		{C5B247A7-4D1A-4706-A7D1-2CD814A5250A}.Release|Any CPU.Build.0 = Release|Any CPU
		{43DF26DE-63DC-4394-A949-1A33C0126756}.Debug|Any CPU.ActiveCfg = Debug|Any CPU
		{43DF26DE-63DC-4394-A949-1A33C0126756}.Debug|Any CPU.Build.0 = Debug|Any CPU
		{43DF26DE-63DC-4394-A949-1A33C0126756}.Release|Any CPU.ActiveCfg = Release|Any CPU
		{43DF26DE-63DC-4394-A949-1A33C0126756}.Release|Any CPU.Build.0 = Release|Any CPU
		{48F01873-DEEE-46E0-A085-1D00F21580C0}.Debug|Any CPU.ActiveCfg = Debug|Any CPU
		{48F01873-DEEE-46E0-A085-1D00F21580C0}.Debug|Any CPU.Build.0 = Debug|Any CPU
		{48F01873-DEEE-46E0-A085-1D00F21580C0}.Release|Any CPU.ActiveCfg = Release|Any CPU
		{48F01873-DEEE-46E0-A085-1D00F21580C0}.Release|Any CPU.Build.0 = Release|Any CPU
		{2CFBDD39-C6BA-4CAC-BE27-B2CD07FA98D8}.Debug|Any CPU.ActiveCfg = Debug|Any CPU
		{2CFBDD39-C6BA-4CAC-BE27-B2CD07FA98D8}.Debug|Any CPU.Build.0 = Debug|Any CPU
		{2CFBDD39-C6BA-4CAC-BE27-B2CD07FA98D8}.Release|Any CPU.ActiveCfg = Release|Any CPU
		{2CFBDD39-C6BA-4CAC-BE27-B2CD07FA98D8}.Release|Any CPU.Build.0 = Release|Any CPU
		{BE183F90-BC49-4F23-AA7C-5887E6AADAA3}.Debug|Any CPU.ActiveCfg = Debug|Any CPU
		{BE183F90-BC49-4F23-AA7C-5887E6AADAA3}.Debug|Any CPU.Build.0 = Debug|Any CPU
		{BE183F90-BC49-4F23-AA7C-5887E6AADAA3}.Release|Any CPU.ActiveCfg = Release|Any CPU
		{BE183F90-BC49-4F23-AA7C-5887E6AADAA3}.Release|Any CPU.Build.0 = Release|Any CPU
	EndGlobalSection
	GlobalSection(SolutionProperties) = preSolution
		HideSolutionNode = FALSE
	EndGlobalSection
	GlobalSection(ExtensibilityGlobals) = postSolution
		SolutionGuid = {0FE23BF3-FCE0-4200-9CCD-D063F81A306F}
	EndGlobalSection
EndGlobal
